
Microsoft Visual Studio Solution File, Format Version 12.00
# Visual Studio 15
VisualStudioVersion = 15.0.26430.6
MinimumVisualStudioVersion = 10.0.40219.1
Project("{8BC9CEB8-8B4A-11D0-8D11-00A0C91BC942}") = "ColorizedTriangle", "Sample\ColorizedTriangle\ColorizedTriangle.vcxproj", "{AD14B992-B3AE-4D44-A776-DFA8326A12C8}"
EndProject
Project("{8BC9CEB8-8B4A-11D0-8D11-00A0C91BC942}") = "MultiPipelines", "Sample\MultiPipelines\MultiPipelines.vcxproj", "{CD697DBF-904A-453B-BA95-E406F89ABF16}"
EndProject
Project("{8BC9CEB8-8B4A-11D0-8D11-00A0C91BC942}") = "TexturedPlate", "Sample\TexturedPlate\TexturedPlate.vcxproj", "{9A5CAC08-5BC1-444C-84E4-C21D596575F9}"
EndProject
Project("{8BC9CEB8-8B4A-11D0-8D11-00A0C91BC942}") = "TexturedCube", "Sample\TexturedCube\TexturedCube.vcxproj", "{595252D3-EA27-4E19-B73A-551DE8F59890}"
EndProject
Project("{8BC9CEB8-8B4A-11D0-8D11-00A0C91BC942}") = "TexturedArray", "Sample\TexturedArray\TexturedArray.vcxproj", "{A2831D07-794D-447B-B1BF-CA30833FE1E1}"
EndProject
Project("{8BC9CEB8-8B4A-11D0-8D11-00A0C91BC942}") = "MeshRenderer", "Sample\MeshRenderer\MeshRenderer.vcxproj", "{FDDE8A7D-348E-4BBA-9DC2-72016897DD26}"
EndProject
Global
	GlobalSection(SolutionConfigurationPlatforms) = preSolution
		Debug|x64 = Debug|x64
		Debug|x86 = Debug|x86
		Release|x64 = Release|x64
		Release|x86 = Release|x86
	EndGlobalSection
	GlobalSection(ProjectConfigurationPlatforms) = postSolution
		{AD14B992-B3AE-4D44-A776-DFA8326A12C8}.Debug|x64.ActiveCfg = Debug|x64
		{AD14B992-B3AE-4D44-A776-DFA8326A12C8}.Debug|x64.Build.0 = Debug|x64
		{AD14B992-B3AE-4D44-A776-DFA8326A12C8}.Debug|x86.ActiveCfg = Debug|Win32
		{AD14B992-B3AE-4D44-A776-DFA8326A12C8}.Debug|x86.Build.0 = Debug|Win32
		{AD14B992-B3AE-4D44-A776-DFA8326A12C8}.Release|x64.ActiveCfg = Release|x64
		{AD14B992-B3AE-4D44-A776-DFA8326A12C8}.Release|x64.Build.0 = Release|x64
		{AD14B992-B3AE-4D44-A776-DFA8326A12C8}.Release|x86.ActiveCfg = Release|Win32
		{AD14B992-B3AE-4D44-A776-DFA8326A12C8}.Release|x86.Build.0 = Release|Win32
		{CD697DBF-904A-453B-BA95-E406F89ABF16}.Debug|x64.ActiveCfg = Debug|x64
		{CD697DBF-904A-453B-BA95-E406F89ABF16}.Debug|x64.Build.0 = Debug|x64
		{CD697DBF-904A-453B-BA95-E406F89ABF16}.Debug|x86.ActiveCfg = Debug|Win32
		{CD697DBF-904A-453B-BA95-E406F89ABF16}.Debug|x86.Build.0 = Debug|Win32
		{CD697DBF-904A-453B-BA95-E406F89ABF16}.Release|x64.ActiveCfg = Release|x64
		{CD697DBF-904A-453B-BA95-E406F89ABF16}.Release|x64.Build.0 = Release|x64
		{CD697DBF-904A-453B-BA95-E406F89ABF16}.Release|x86.ActiveCfg = Release|Win32
		{CD697DBF-904A-453B-BA95-E406F89ABF16}.Release|x86.Build.0 = Release|Win32
		{9A5CAC08-5BC1-444C-84E4-C21D596575F9}.Debug|x64.ActiveCfg = Debug|x64
		{9A5CAC08-5BC1-444C-84E4-C21D596575F9}.Debug|x64.Build.0 = Debug|x64
		{9A5CAC08-5BC1-444C-84E4-C21D596575F9}.Debug|x86.ActiveCfg = Debug|Win32
		{9A5CAC08-5BC1-444C-84E4-C21D596575F9}.Debug|x86.Build.0 = Debug|Win32
		{9A5CAC08-5BC1-444C-84E4-C21D596575F9}.Release|x64.ActiveCfg = Release|x64
		{9A5CAC08-5BC1-444C-84E4-C21D596575F9}.Release|x64.Build.0 = Release|x64
		{9A5CAC08-5BC1-444C-84E4-C21D596575F9}.Release|x86.ActiveCfg = Release|Win32
		{9A5CAC08-5BC1-444C-84E4-C21D596575F9}.Release|x86.Build.0 = Release|Win32
		{595252D3-EA27-4E19-B73A-551DE8F59890}.Debug|x64.ActiveCfg = Debug|x64
		{595252D3-EA27-4E19-B73A-551DE8F59890}.Debug|x64.Build.0 = Debug|x64
		{595252D3-EA27-4E19-B73A-551DE8F59890}.Debug|x86.ActiveCfg = Debug|Win32
		{595252D3-EA27-4E19-B73A-551DE8F59890}.Debug|x86.Build.0 = Debug|Win32
		{595252D3-EA27-4E19-B73A-551DE8F59890}.Release|x64.ActiveCfg = Release|x64
		{595252D3-EA27-4E19-B73A-551DE8F59890}.Release|x64.Build.0 = Release|x64
		{595252D3-EA27-4E19-B73A-551DE8F59890}.Release|x86.ActiveCfg = Release|Win32
		{595252D3-EA27-4E19-B73A-551DE8F59890}.Release|x86.Build.0 = Release|Win32
		{A2831D07-794D-447B-B1BF-CA30833FE1E1}.Debug|x64.ActiveCfg = Debug|x64
		{A2831D07-794D-447B-B1BF-CA30833FE1E1}.Debug|x64.Build.0 = Debug|x64
		{A2831D07-794D-447B-B1BF-CA30833FE1E1}.Debug|x86.ActiveCfg = Debug|Win32
		{A2831D07-794D-447B-B1BF-CA30833FE1E1}.Debug|x86.Build.0 = Debug|Win32
		{A2831D07-794D-447B-B1BF-CA30833FE1E1}.Release|x64.ActiveCfg = Release|x64
		{A2831D07-794D-447B-B1BF-CA30833FE1E1}.Release|x64.Build.0 = Release|x64
		{A2831D07-794D-447B-B1BF-CA30833FE1E1}.Release|x86.ActiveCfg = Release|Win32
		{A2831D07-794D-447B-B1BF-CA30833FE1E1}.Release|x86.Build.0 = Release|Win32
		{FDDE8A7D-348E-4BBA-9DC2-72016897DD26}.Debug|x64.ActiveCfg = Debug|x64
		{FDDE8A7D-348E-4BBA-9DC2-72016897DD26}.Debug|x64.Build.0 = Debug|x64
		{FDDE8A7D-348E-4BBA-9DC2-72016897DD26}.Debug|x86.ActiveCfg = Debug|Win32
		{FDDE8A7D-348E-4BBA-9DC2-72016897DD26}.Debug|x86.Build.0 = Debug|Win32
		{FDDE8A7D-348E-4BBA-9DC2-72016897DD26}.Release|x64.ActiveCfg = Release|x64
		{FDDE8A7D-348E-4BBA-9DC2-72016897DD26}.Release|x64.Build.0 = Release|x64
		{FDDE8A7D-348E-4BBA-9DC2-72016897DD26}.Release|x86.ActiveCfg = Release|Win32
		{FDDE8A7D-348E-4BBA-9DC2-72016897DD26}.Release|x86.Build.0 = Release|Win32
	EndGlobalSection
	GlobalSection(SolutionProperties) = preSolution
		HideSolutionNode = FALSE
	EndGlobalSection
EndGlobal
