<?xml version="1.0" encoding="utf-8"?>
<Project ToolsVersion="4.0" xmlns="http://schemas.microsoft.com/developer/msbuild/2003">
  <ItemGroup>
    <Filter Include="Source Files">
      <UniqueIdentifier>{4FC737F1-C7A5-4376-A066-2A32D752A2FF}</UniqueIdentifier>
      <Extensions>cpp;c;cc;cxx;def;odl;idl;hpj;bat;asm;asmx</Extensions>
    </Filter>
    <Filter Include="Header Files">
      <UniqueIdentifier>{93995380-89BD-4b04-88EB-625FBE52EBFB}</UniqueIdentifier>
      <Extensions>h;hh;hpp;hxx;hm;inl;inc;xsd</Extensions>
    </Filter>
    <Filter Include="Resource Files">
      <UniqueIdentifier>{67DA6AB6-F800-4c08-8B7A-83BB121AAD01}</UniqueIdentifier>
      <Extensions>rc;ico;cur;bmp;dlg;rc2;rct;bin;rgs;gif;jpg;jpeg;jpe;resx;tiff;tif;png;wav;mfcribbon-ms</Extensions>
    </Filter>
    <Filter Include="Header Files\Base">
      <UniqueIdentifier>{c420dc13-74a6-4e68-b14f-21fb2d699992}</UniqueIdentifier>
    </Filter>
    <Filter Include="Header Files\System">
      <UniqueIdentifier>{3d247beb-76d4-4b04-91cc-07c6d7746689}</UniqueIdentifier>
    </Filter>
    <Filter Include="Header Files\Window">
      <UniqueIdentifier>{573105db-f815-41c6-8e63-8615e94d1fe2}</UniqueIdentifier>
    </Filter>
    <Filter Include="Source Files\Base">
      <UniqueIdentifier>{18912eee-c108-4c98-81cb-8da8f2636afc}</UniqueIdentifier>
    </Filter>
    <Filter Include="Source Files\System">
      <UniqueIdentifier>{f2ef4f8e-1adf-4bcd-a604-bfa999356561}</UniqueIdentifier>
    </Filter>
    <Filter Include="Header Files\ObjLoader">
      <UniqueIdentifier>{c2648d66-cee6-4923-a3d5-da628d40d9b9}</UniqueIdentifier>
    </Filter>
    <Filter Include="Source Files\ObjLoader">
      <UniqueIdentifier>{de14815a-8baf-46fe-ae0b-3defe9e9426d}</UniqueIdentifier>
    </Filter>
  </ItemGroup>
  <ItemGroup>
    <ClCompile Include="main.cpp" />
    <ClCompile Include="..\Base\ExampleBase.cpp">
      <Filter>Source Files\Base</Filter>
    </ClCompile>
    <ClCompile Include="..\System\Application.cpp">
      <Filter>Source Files\System</Filter>
    </ClCompile>
    <ClCompile Include="MultiPipelines.cpp">
      <Filter>Source Files</Filter>
    </ClCompile>
    <ClCompile Include="..\tinyobjloader\tiny_obj_loader.cc">
      <Filter>Source Files\ObjLoader</Filter>
    </ClCompile>
  </ItemGroup>
  <ItemGroup>
    <ClInclude Include="..\Base\ExampleBase.h">
      <Filter>Header Files\Base</Filter>
    </ClInclude>
    <ClInclude Include="..\System\Application.h">
      <Filter>Header Files\System</Filter>
    </ClInclude>
    <ClInclude Include="..\System\Exception.h">
      <Filter>Header Files\System</Filter>
    </ClInclude>
    <ClInclude Include="..\System\NonCopyable.h">
      <Filter>Header Files\System</Filter>
    </ClInclude>
    <ClInclude Include="..\System\Singleton.h">
      <Filter>Header Files\System</Filter>
    </ClInclude>
    <ClInclude Include="..\Window\Event.h">
      <Filter>Header Files\Window</Filter>
    </ClInclude>
    <ClInclude Include="..\Window\KeyboardEvent.h">
      <Filter>Header Files\Window</Filter>
    </ClInclude>
    <ClInclude Include="..\Window\MouseEvent.h">
      <Filter>Header Files\Window</Filter>
    </ClInclude>
    <ClInclude Include="..\Window\RedrawEvent.h">
      <Filter>Header Files\Window</Filter>
    </ClInclude>
    <ClInclude Include="..\Window\Window.h">
      <Filter>Header Files\Window</Filter>
    </ClInclude>
    <ClInclude Include="..\Window\WindowEvent.h">
      <Filter>Header Files\Window</Filter>
    </ClInclude>
    <ClInclude Include="MultiPipelines.h">
      <Filter>Header Files</Filter>
    </ClInclude>
    <ClInclude Include="..\tinyobjloader\tiny_obj_loader.h">
      <Filter>Header Files\ObjLoader</Filter>
    </ClInclude>
  </ItemGroup>
</Project>