<?xml version="1.0" encoding="utf-8"?>
<Project ToolsVersion="4.0" xmlns="http://schemas.microsoft.com/developer/msbuild/2003">
  <ItemGroup>
    <Filter Include="Source Files">
      <UniqueIdentifier>{4FC737F1-C7A5-4376-A066-2A32D752A2FF}</UniqueIdentifier>
      <Extensions>cpp;c;cc;cxx;def;odl;idl;hpj;bat;asm;asmx</Extensions>
    </Filter>
    <Filter Include="Header Files">
      <UniqueIdentifier>{93995380-89BD-4b04-88EB-625FBE52EBFB}</UniqueIdentifier>
      <Extensions>h;hh;hpp;hxx;hm;inl;inc;xsd</Extensions>
    </Filter>
    <Filter Include="Resource Files">
      <UniqueIdentifier>{67DA6AB6-F800-4c08-8B7A-83BB121AAD01}</UniqueIdentifier>
      <Extensions>rc;ico;cur;bmp;dlg;rc2;rct;bin;rgs;gif;jpg;jpeg;jpe;resx;tiff;tif;png;wav;mfcribbon-ms</Extensions>
    </Filter>
    <Filter Include="Header Files\Base">
      <UniqueIdentifier>{45de3e74-7ecb-4b26-82b9-527b61a7125c}</UniqueIdentifier>
    </Filter>
    <Filter Include="Header Files\System">
      <UniqueIdentifier>{5ddf3852-23b0-4339-98e5-7433e550fb20}</UniqueIdentifier>
    </Filter>
    <Filter Include="Header Files\vkpp">
      <UniqueIdentifier>{0adb1c18-cc32-488b-9f60-f31a79ae0faa}</UniqueIdentifier>
    </Filter>
    <Filter Include="Header Files\vkpp\Type">
      <UniqueIdentifier>{abcf548e-5299-4af5-9c1d-3a2a02bd07a5}</UniqueIdentifier>
    </Filter>
    <Filter Include="Header Files\vkpp\Info">
      <UniqueIdentifier>{2605fe51-2d89-4799-963f-97431a452355}</UniqueIdentifier>
    </Filter>
    <Filter Include="Header Files\Window">
      <UniqueIdentifier>{ea8f82b9-8048-421e-a5ff-19b1d293d10a}</UniqueIdentifier>
    </Filter>
    <Filter Include="Source Files\Base">
      <UniqueIdentifier>{da25abce-b46a-41fa-b771-8318b563dbfb}</UniqueIdentifier>
    </Filter>
    <Filter Include="Source Files\System">
      <UniqueIdentifier>{faad722b-7795-4a83-add3-6e05e54b799f}</UniqueIdentifier>
    </Filter>
  </ItemGroup>
  <ItemGroup>
    <ClCompile Include="main.cpp" />
    <ClCompile Include="..\Base\ExampleBase.cpp">
      <Filter>Source Files\Base</Filter>
    </ClCompile>
    <ClCompile Include="..\System\Application.cpp">
      <Filter>Source Files\System</Filter>
    </ClCompile>
    <ClCompile Include="TexturedArray.cpp">
      <Filter>Source Files</Filter>
    </ClCompile>
  </ItemGroup>
  <ItemGroup>
    <ClInclude Include="TexturedArray.h">
      <Filter>Header Files</Filter>
    </ClInclude>
    <ClInclude Include="..\Base\ExampleBase.h">
      <Filter>Header Files\Base</Filter>
    </ClInclude>
    <ClInclude Include="..\System\Application.h">
      <Filter>Header Files\System</Filter>
    </ClInclude>
    <ClInclude Include="..\System\Exception.h">
      <Filter>Header Files\System</Filter>
    </ClInclude>
    <ClInclude Include="..\System\NonCopyable.h">
      <Filter>Header Files\System</Filter>
    </ClInclude>
    <ClInclude Include="..\System\Singleton.h">
      <Filter>Header Files\System</Filter>
    </ClInclude>
    <ClInclude Include="..\..\inc\Type\AllocationCallbacks.h">
      <Filter>Header Files\vkpp\Type</Filter>
    </ClInclude>
    <ClInclude Include="..\..\inc\Type\Buffer.h">
      <Filter>Header Files\vkpp\Type</Filter>
    </ClInclude>
    <ClInclude Include="..\..\inc\Type\CommandBuffer.h">
      <Filter>Header Files\vkpp\Type</Filter>
    </ClInclude>
    <ClInclude Include="..\..\inc\Type\CommandPool.h">
      <Filter>Header Files\vkpp\Type</Filter>
    </ClInclude>
    <ClInclude Include="..\..\inc\Type\DebugReportCallback.h">
      <Filter>Header Files\vkpp\Type</Filter>
    </ClInclude>
    <ClInclude Include="..\..\inc\Type\DescriptorPool.h">
      <Filter>Header Files\vkpp\Type</Filter>
    </ClInclude>
    <ClInclude Include="..\..\inc\Type\DescriptorSet.h">
      <Filter>Header Files\vkpp\Type</Filter>
    </ClInclude>
    <ClInclude Include="..\..\inc\Type\Fence.h">
      <Filter>Header Files\vkpp\Type</Filter>
    </ClInclude>
    <ClInclude Include="..\..\inc\Type\Framebuffer.h">
      <Filter>Header Files\vkpp\Type</Filter>
    </ClInclude>
    <ClInclude Include="..\..\inc\Type\GraphicsPipeline.h">
      <Filter>Header Files\vkpp\Type</Filter>
    </ClInclude>
    <ClInclude Include="..\..\inc\Type\Image.h">
      <Filter>Header Files\vkpp\Type</Filter>
    </ClInclude>
    <ClInclude Include="..\..\inc\Type\Instance.h">
      <Filter>Header Files\vkpp\Type</Filter>
    </ClInclude>
    <ClInclude Include="..\..\inc\Type\LogicalDevice.h">
      <Filter>Header Files\vkpp\Type</Filter>
    </ClInclude>
    <ClInclude Include="..\..\inc\Type\Memory.h">
      <Filter>Header Files\vkpp\Type</Filter>
    </ClInclude>
    <ClInclude Include="..\..\inc\Type\MemoryBarrier.h">
      <Filter>Header Files\vkpp\Type</Filter>
    </ClInclude>
    <ClInclude Include="..\..\inc\Type\PhysicalDevice.h">
      <Filter>Header Files\vkpp\Type</Filter>
    </ClInclude>
    <ClInclude Include="..\..\inc\Type\Queue.h">
      <Filter>Header Files\vkpp\Type</Filter>
    </ClInclude>
    <ClInclude Include="..\..\inc\Type\RenderPass.h">
      <Filter>Header Files\vkpp\Type</Filter>
    </ClInclude>
    <ClInclude Include="..\..\inc\Type\Sampler.h">
      <Filter>Header Files\vkpp\Type</Filter>
    </ClInclude>
    <ClInclude Include="..\..\inc\Type\Semaphore.h">
      <Filter>Header Files\vkpp\Type</Filter>
    </ClInclude>
    <ClInclude Include="..\..\inc\Type\ShaderModule.h">
      <Filter>Header Files\vkpp\Type</Filter>
    </ClInclude>
    <ClInclude Include="..\..\inc\Type\Structure.h">
      <Filter>Header Files\vkpp\Type</Filter>
    </ClInclude>
    <ClInclude Include="..\..\inc\Type\Surface.h">
      <Filter>Header Files\vkpp\Type</Filter>
    </ClInclude>
    <ClInclude Include="..\..\inc\Type\Swapchain.h">
      <Filter>Header Files\vkpp\Type</Filter>
    </ClInclude>
    <ClInclude Include="..\..\inc\Type\VkDeleter.h">
      <Filter>Header Files\vkpp\Type</Filter>
    </ClInclude>
    <ClInclude Include="..\..\inc\Type\VkTrait.h">
      <Filter>Header Files\vkpp\Type</Filter>
    </ClInclude>
    <ClInclude Include="..\..\inc\Info\CommandBufferAllocateInfo.h">
      <Filter>Header Files\vkpp\Info</Filter>
    </ClInclude>
    <ClInclude Include="..\..\inc\Info\Common.h">
      <Filter>Header Files\vkpp\Info</Filter>
    </ClInclude>
    <ClInclude Include="..\..\inc\Info\Extensions.h">
      <Filter>Header Files\vkpp\Info</Filter>
    </ClInclude>
    <ClInclude Include="..\..\inc\Info\Flags.h">
      <Filter>Header Files\vkpp\Info</Filter>
    </ClInclude>
    <ClInclude Include="..\..\inc\Info\Format.h">
      <Filter>Header Files\vkpp\Info</Filter>
    </ClInclude>
    <ClInclude Include="..\..\inc\Info\Layers.h">
      <Filter>Header Files\vkpp\Info</Filter>
    </ClInclude>
    <ClInclude Include="..\..\inc\Info\MemoryRequirements.h">
      <Filter>Header Files\vkpp\Info</Filter>
    </ClInclude>
    <ClInclude Include="..\..\inc\Info\PhysicalDeviceFeatures.h">
      <Filter>Header Files\vkpp\Info</Filter>
    </ClInclude>
    <ClInclude Include="..\..\inc\Info\PipelineStage.h">
      <Filter>Header Files\vkpp\Info</Filter>
    </ClInclude>
    <ClInclude Include="..\..\inc\Info\RenderPassBeginInfo.h">
      <Filter>Header Files\vkpp\Info</Filter>
    </ClInclude>
    <ClInclude Include="..\..\inc\Info\SurfaceCapabilities.h">
      <Filter>Header Files\vkpp\Info</Filter>
    </ClInclude>
    <ClInclude Include="..\..\inc\Info\TypeConsistency.h">
      <Filter>Header Files\vkpp\Info</Filter>
    </ClInclude>
    <ClInclude Include="..\Window\Event.h">
      <Filter>Header Files\Window</Filter>
    </ClInclude>
    <ClInclude Include="..\Window\KeyboardEvent.h">
      <Filter>Header Files\Window</Filter>
    </ClInclude>
    <ClInclude Include="..\Window\MouseEvent.h">
      <Filter>Header Files\Window</Filter>
    </ClInclude>
    <ClInclude Include="..\Window\RedrawEvent.h">
      <Filter>Header Files\Window</Filter>
    </ClInclude>
    <ClInclude Include="..\Window\Window.h">
      <Filter>Header Files\Window</Filter>
    </ClInclude>
    <ClInclude Include="..\Window\WindowEvent.h">
      <Filter>Header Files\Window</Filter>
    </ClInclude>
  </ItemGroup>
</Project>